// !$*UTF8*$!
{
	archiveVersion = 1;
	classes = {
	};
	objectVersion = 50;
	objects = {

/* Begin PBXBuildFile section */
		30C4E0A726AD473B008E9FE2 /* FuelViewController.swift in Sources */ = {isa = PBXBuildFile; fileRef = 30C4E0A526AD473B008E9FE2 /* FuelViewController.swift */; };
		30C4E0A826AD473B008E9FE2 /* Fuel.storyboard in Resources */ = {isa = PBXBuildFile; fileRef = 30C4E0A626AD473B008E9FE2 /* Fuel.storyboard */; };
		9825429226ABEF9D008872F1 /* AppDelegate.swift in Sources */ = {isa = PBXBuildFile; fileRef = 9825429126ABEF9D008872F1 /* AppDelegate.swift */; };
		9825429426ABEF9D008872F1 /* SceneDelegate.swift in Sources */ = {isa = PBXBuildFile; fileRef = 9825429326ABEF9D008872F1 /* SceneDelegate.swift */; };
		9825429626ABEF9D008872F1 /* ViewController.swift in Sources */ = {isa = PBXBuildFile; fileRef = 9825429526ABEF9D008872F1 /* ViewController.swift */; };
		9825429926ABEF9D008872F1 /* Main.storyboard in Resources */ = {isa = PBXBuildFile; fileRef = 9825429726ABEF9D008872F1 /* Main.storyboard */; };
		9825429B26ABEF9E008872F1 /* Assets.xcassets in Resources */ = {isa = PBXBuildFile; fileRef = 9825429A26ABEF9E008872F1 /* Assets.xcassets */; };
		9825429E26ABEF9E008872F1 /* LaunchScreen.storyboard in Resources */ = {isa = PBXBuildFile; fileRef = 9825429C26ABEF9E008872F1 /* LaunchScreen.storyboard */; };
		9866547226AD0B4C0047D2A7 /* AccessControl.swift in Sources */ = {isa = PBXBuildFile; fileRef = 9866547126AD0B4C0047D2A7 /* AccessControl.swift */; };
		9866547626AD0FEF0047D2A7 /* EngineViewController.swift in Sources */ = {isa = PBXBuildFile; fileRef = 9866547426AD0FEF0047D2A7 /* EngineViewController.swift */; };
		9866547726AD0FEF0047D2A7 /* Engine.storyboard in Resources */ = {isa = PBXBuildFile; fileRef = 9866547526AD0FEF0047D2A7 /* Engine.storyboard */; };
/* End PBXBuildFile section */

/* Begin PBXFileReference section */
		30C4E0A526AD473B008E9FE2 /* FuelViewController.swift */ = {isa = PBXFileReference; fileEncoding = 4; lastKnownFileType = sourcecode.swift; path = FuelViewController.swift; sourceTree = "<group>"; };
		30C4E0A626AD473B008E9FE2 /* Fuel.storyboard */ = {isa = PBXFileReference; fileEncoding = 4; lastKnownFileType = file.storyboard; path = Fuel.storyboard; sourceTree = "<group>"; };
		9825428E26ABEF9D008872F1 /* testSpaceGit.app */ = {isa = PBXFileReference; explicitFileType = wrapper.application; includeInIndex = 0; path = testSpaceGit.app; sourceTree = BUILT_PRODUCTS_DIR; };
		9825429126ABEF9D008872F1 /* AppDelegate.swift */ = {isa = PBXFileReference; lastKnownFileType = sourcecode.swift; path = AppDelegate.swift; sourceTree = "<group>"; };
		9825429326ABEF9D008872F1 /* SceneDelegate.swift */ = {isa = PBXFileReference; lastKnownFileType = sourcecode.swift; path = SceneDelegate.swift; sourceTree = "<group>"; };
		9825429526ABEF9D008872F1 /* ViewController.swift */ = {isa = PBXFileReference; lastKnownFileType = sourcecode.swift; path = ViewController.swift; sourceTree = "<group>"; };
		9825429826ABEF9D008872F1 /* Base */ = {isa = PBXFileReference; lastKnownFileType = file.storyboard; name = Base; path = Base.lproj/Main.storyboard; sourceTree = "<group>"; };
		9825429A26ABEF9E008872F1 /* Assets.xcassets */ = {isa = PBXFileReference; lastKnownFileType = folder.assetcatalog; path = Assets.xcassets; sourceTree = "<group>"; };
		9825429D26ABEF9E008872F1 /* Base */ = {isa = PBXFileReference; lastKnownFileType = file.storyboard; name = Base; path = Base.lproj/LaunchScreen.storyboard; sourceTree = "<group>"; };
		9825429F26ABEF9E008872F1 /* Info.plist */ = {isa = PBXFileReference; lastKnownFileType = text.plist.xml; path = Info.plist; sourceTree = "<group>"; };
		9866547126AD0B4C0047D2A7 /* AccessControl.swift */ = {isa = PBXFileReference; lastKnownFileType = sourcecode.swift; path = AccessControl.swift; sourceTree = "<group>"; };
		9866547426AD0FEF0047D2A7 /* EngineViewController.swift */ = {isa = PBXFileReference; fileEncoding = 4; lastKnownFileType = sourcecode.swift; path = EngineViewController.swift; sourceTree = "<group>"; };
		9866547526AD0FEF0047D2A7 /* Engine.storyboard */ = {isa = PBXFileReference; fileEncoding = 4; lastKnownFileType = file.storyboard; path = Engine.storyboard; sourceTree = "<group>"; };
/* End PBXFileReference section */

/* Begin PBXFrameworksBuildPhase section */
		9825428B26ABEF9D008872F1 /* Frameworks */ = {
			isa = PBXFrameworksBuildPhase;
			buildActionMask = 2147483647;
			files = (
			);
			runOnlyForDeploymentPostprocessing = 0;
		};
/* End PBXFrameworksBuildPhase section */

/* Begin PBXGroup section */
		30C4E09E26AD46A5008E9FE2 /* Fuel */ = {
			isa = PBXGroup;
			children = (
				30C4E0A626AD473B008E9FE2 /* Fuel.storyboard */,
				30C4E0A526AD473B008E9FE2 /* FuelViewController.swift */,
			);
			path = Fuel;
			sourceTree = "<group>";
		};
		9825428526ABEF9D008872F1 = {
			isa = PBXGroup;
			children = (
				9825429026ABEF9D008872F1 /* testSpaceGit */,
				9825428F26ABEF9D008872F1 /* Products */,
			);
			sourceTree = "<group>";
		};
		9825428F26ABEF9D008872F1 /* Products */ = {
			isa = PBXGroup;
			children = (
				9825428E26ABEF9D008872F1 /* testSpaceGit.app */,
			);
			name = Products;
			sourceTree = "<group>";
		};
		9825429026ABEF9D008872F1 /* testSpaceGit */ = {
			isa = PBXGroup;
			children = (
				9866547926AD13F10047D2A7 /* Application */,
				9866547026AD0B230047D2A7 /* Access */,
				9866547326AD0CB50047D2A7 /* ControlRoom */,
				30C4E09E26AD46A5008E9FE2 /* Fuel */,
				9866547826AD0FFD0047D2A7 /* Engine */,
				9825429A26ABEF9E008872F1 /* Assets.xcassets */,
				9825429C26ABEF9E008872F1 /* LaunchScreen.storyboard */,
				9825429F26ABEF9E008872F1 /* Info.plist */,
			);
			path = testSpaceGit;
			sourceTree = "<group>";
		};
		9866547026AD0B230047D2A7 /* Access */ = {
			isa = PBXGroup;
			children = (
				9866547126AD0B4C0047D2A7 /* AccessControl.swift */,
			);
			path = Access;
			sourceTree = "<group>";
		};
		9866547326AD0CB50047D2A7 /* ControlRoom */ = {
			isa = PBXGroup;
			children = (
				9825429526ABEF9D008872F1 /* ViewController.swift */,
				9825429726ABEF9D008872F1 /* Main.storyboard */,
			);
			path = ControlRoom;
			sourceTree = "<group>";
		};
		9866547826AD0FFD0047D2A7 /* Engine */ = {
			isa = PBXGroup;
			children = (
				9866547526AD0FEF0047D2A7 /* Engine.storyboard */,
				9866547426AD0FEF0047D2A7 /* EngineViewController.swift */,
			);
			path = Engine;
			sourceTree = "<group>";
		};
		9866547926AD13F10047D2A7 /* Application */ = {
			isa = PBXGroup;
			children = (
				9825429326ABEF9D008872F1 /* SceneDelegate.swift */,
				9825429126ABEF9D008872F1 /* AppDelegate.swift */,
			);
			path = Application;
			sourceTree = "<group>";
		};
/* End PBXGroup section */

/* Begin PBXNativeTarget section */
		9825428D26ABEF9D008872F1 /* testSpaceGit */ = {
			isa = PBXNativeTarget;
			buildConfigurationList = 982542A226ABEF9E008872F1 /* Build configuration list for PBXNativeTarget "testSpaceGit" */;
			buildPhases = (
				9825428A26ABEF9D008872F1 /* Sources */,
				9825428B26ABEF9D008872F1 /* Frameworks */,
				9825428C26ABEF9D008872F1 /* Resources */,
			);
			buildRules = (
			);
			dependencies = (
			);
			name = testSpaceGit;
			productName = testSpaceGit;
			productReference = 9825428E26ABEF9D008872F1 /* testSpaceGit.app */;
			productType = "com.apple.product-type.application";
		};
/* End PBXNativeTarget section */

/* Begin PBXProject section */
		9825428626ABEF9D008872F1 /* Project object */ = {
			isa = PBXProject;
			attributes = {
				LastSwiftUpdateCheck = 1250;
				LastUpgradeCheck = 1250;
				TargetAttributes = {
					9825428D26ABEF9D008872F1 = {
						CreatedOnToolsVersion = 12.5.1;
					};
				};
			};
			buildConfigurationList = 9825428926ABEF9D008872F1 /* Build configuration list for PBXProject "testSpaceGit" */;
			compatibilityVersion = "Xcode 9.3";
			developmentRegion = en;
			hasScannedForEncodings = 0;
			knownRegions = (
				en,
				Base,
			);
			mainGroup = 9825428526ABEF9D008872F1;
			productRefGroup = 9825428F26ABEF9D008872F1 /* Products */;
			projectDirPath = "";
			projectRoot = "";
			targets = (
				9825428D26ABEF9D008872F1 /* testSpaceGit */,
			);
		};
/* End PBXProject section */

/* Begin PBXResourcesBuildPhase section */
		9825428C26ABEF9D008872F1 /* Resources */ = {
			isa = PBXResourcesBuildPhase;
			buildActionMask = 2147483647;
			files = (
				9825429E26ABEF9E008872F1 /* LaunchScreen.storyboard in Resources */,
				30C4E0A826AD473B008E9FE2 /* Fuel.storyboard in Resources */,
				9825429B26ABEF9E008872F1 /* Assets.xcassets in Resources */,
				9866547726AD0FEF0047D2A7 /* Engine.storyboard in Resources */,
				9825429926ABEF9D008872F1 /* Main.storyboard in Resources */,
			);
			runOnlyForDeploymentPostprocessing = 0;
		};
/* End PBXResourcesBuildPhase section */

/* Begin PBXSourcesBuildPhase section */
		9825428A26ABEF9D008872F1 /* Sources */ = {
			isa = PBXSourcesBuildPhase;
			buildActionMask = 2147483647;
			files = (
				9825429626ABEF9D008872F1 /* ViewController.swift in Sources */,
				9866547226AD0B4C0047D2A7 /* AccessControl.swift in Sources */,
				30C4E0A726AD473B008E9FE2 /* FuelViewController.swift in Sources */,
				9825429226ABEF9D008872F1 /* AppDelegate.swift in Sources */,
				9825429426ABEF9D008872F1 /* SceneDelegate.swift in Sources */,
				9866547626AD0FEF0047D2A7 /* EngineViewController.swift in Sources */,
			);
			runOnlyForDeploymentPostprocessing = 0;
		};
/* End PBXSourcesBuildPhase section */

/* Begin PBXVariantGroup section */
		9825429726ABEF9D008872F1 /* Main.storyboard */ = {
			isa = PBXVariantGroup;
			children = (
				9825429826ABEF9D008872F1 /* Base */,
			);
			name = Main.storyboard;
			sourceTree = "<group>";
		};
		9825429C26ABEF9E008872F1 /* LaunchScreen.storyboard */ = {
			isa = PBXVariantGroup;
			children = (
				9825429D26ABEF9E008872F1 /* Base */,
			);
			name = LaunchScreen.storyboard;
			sourceTree = "<group>";
		};
/* End PBXVariantGroup section */

/* Begin XCBuildConfiguration section */
		982542A026ABEF9E008872F1 /* Debug */ = {
			isa = XCBuildConfiguration;
			buildSettings = {
				ALWAYS_SEARCH_USER_PATHS = NO;
				CLANG_ANALYZER_NONNULL = YES;
				CLANG_ANALYZER_NUMBER_OBJECT_CONVERSION = YES_AGGRESSIVE;
				CLANG_CXX_LANGUAGE_STANDARD = "gnu++14";
				CLANG_CXX_LIBRARY = "libc++";
				CLANG_ENABLE_MODULES = YES;
				CLANG_ENABLE_OBJC_ARC = YES;
				CLANG_ENABLE_OBJC_WEAK = YES;
				CLANG_WARN_BLOCK_CAPTURE_AUTORELEASING = YES;
				CLANG_WARN_BOOL_CONVERSION = YES;
				CLANG_WARN_COMMA = YES;
				CLANG_WARN_CONSTANT_CONVERSION = YES;
				CLANG_WARN_DEPRECATED_OBJC_IMPLEMENTATIONS = YES;
				CLANG_WARN_DIRECT_OBJC_ISA_USAGE = YES_ERROR;
				CLANG_WARN_DOCUMENTATION_COMMENTS = YES;
				CLANG_WARN_EMPTY_BODY = YES;
				CLANG_WARN_ENUM_CONVERSION = YES;
				CLANG_WARN_INFINITE_RECURSION = YES;
				CLANG_WARN_INT_CONVERSION = YES;
				CLANG_WARN_NON_LITERAL_NULL_CONVERSION = YES;
				CLANG_WARN_OBJC_IMPLICIT_RETAIN_SELF = YES;
				CLANG_WARN_OBJC_LITERAL_CONVERSION = YES;
				CLANG_WARN_OBJC_ROOT_CLASS = YES_ERROR;
				CLANG_WARN_QUOTED_INCLUDE_IN_FRAMEWORK_HEADER = YES;
				CLANG_WARN_RANGE_LOOP_ANALYSIS = YES;
				CLANG_WARN_STRICT_PROTOTYPES = YES;
				CLANG_WARN_SUSPICIOUS_MOVE = YES;
				CLANG_WARN_UNGUARDED_AVAILABILITY = YES_AGGRESSIVE;
				CLANG_WARN_UNREACHABLE_CODE = YES;
				CLANG_WARN__DUPLICATE_METHOD_MATCH = YES;
				COPY_PHASE_STRIP = NO;
				DEBUG_INFORMATION_FORMAT = dwarf;
				ENABLE_STRICT_OBJC_MSGSEND = YES;
				ENABLE_TESTABILITY = YES;
				GCC_C_LANGUAGE_STANDARD = gnu11;
				GCC_DYNAMIC_NO_PIC = NO;
				GCC_NO_COMMON_BLOCKS = YES;
				GCC_OPTIMIZATION_LEVEL = 0;
				GCC_PREPROCESSOR_DEFINITIONS = (
					"DEBUG=1",
					"$(inherited)",
				);
				GCC_WARN_64_TO_32_BIT_CONVERSION = YES;
				GCC_WARN_ABOUT_RETURN_TYPE = YES_ERROR;
				GCC_WARN_UNDECLARED_SELECTOR = YES;
				GCC_WARN_UNINITIALIZED_AUTOS = YES_AGGRESSIVE;
				GCC_WARN_UNUSED_FUNCTION = YES;
				GCC_WARN_UNUSED_VARIABLE = YES;
				IPHONEOS_DEPLOYMENT_TARGET = 14.5;
				MTL_ENABLE_DEBUG_INFO = INCLUDE_SOURCE;
				MTL_FAST_MATH = YES;
				ONLY_ACTIVE_ARCH = YES;
				SDKROOT = iphoneos;
				SWIFT_ACTIVE_COMPILATION_CONDITIONS = DEBUG;
				SWIFT_OPTIMIZATION_LEVEL = "-Onone";
			};
			name = Debug;
		};
		982542A126ABEF9E008872F1 /* Release */ = {
			isa = XCBuildConfiguration;
			buildSettings = {
				ALWAYS_SEARCH_USER_PATHS = NO;
				CLANG_ANALYZER_NONNULL = YES;
				CLANG_ANALYZER_NUMBER_OBJECT_CONVERSION = YES_AGGRESSIVE;
				CLANG_CXX_LANGUAGE_STANDARD = "gnu++14";
				CLANG_CXX_LIBRARY = "libc++";
				CLANG_ENABLE_MODULES = YES;
				CLANG_ENABLE_OBJC_ARC = YES;
				CLANG_ENABLE_OBJC_WEAK = YES;
				CLANG_WARN_BLOCK_CAPTURE_AUTORELEASING = YES;
				CLANG_WARN_BOOL_CONVERSION = YES;
				CLANG_WARN_COMMA = YES;
				CLANG_WARN_CONSTANT_CONVERSION = YES;
				CLANG_WARN_DEPRECATED_OBJC_IMPLEMENTATIONS = YES;
				CLANG_WARN_DIRECT_OBJC_ISA_USAGE = YES_ERROR;
				CLANG_WARN_DOCUMENTATION_COMMENTS = YES;
				CLANG_WARN_EMPTY_BODY = YES;
				CLANG_WARN_ENUM_CONVERSION = YES;
				CLANG_WARN_INFINITE_RECURSION = YES;
				CLANG_WARN_INT_CONVERSION = YES;
				CLANG_WARN_NON_LITERAL_NULL_CONVERSION = YES;
				CLANG_WARN_OBJC_IMPLICIT_RETAIN_SELF = YES;
				CLANG_WARN_OBJC_LITERAL_CONVERSION = YES;
				CLANG_WARN_OBJC_ROOT_CLASS = YES_ERROR;
				CLANG_WARN_QUOTED_INCLUDE_IN_FRAMEWORK_HEADER = YES;
				CLANG_WARN_RANGE_LOOP_ANALYSIS = YES;
				CLANG_WARN_STRICT_PROTOTYPES = YES;
				CLANG_WARN_SUSPICIOUS_MOVE = YES;
				CLANG_WARN_UNGUARDED_AVAILABILITY = YES_AGGRESSIVE;
				CLANG_WARN_UNREACHABLE_CODE = YES;
				CLANG_WARN__DUPLICATE_METHOD_MATCH = YES;
				COPY_PHASE_STRIP = NO;
				DEBUG_INFORMATION_FORMAT = "dwarf-with-dsym";
				ENABLE_NS_ASSERTIONS = NO;
				ENABLE_STRICT_OBJC_MSGSEND = YES;
				GCC_C_LANGUAGE_STANDARD = gnu11;
				GCC_NO_COMMON_BLOCKS = YES;
				GCC_WARN_64_TO_32_BIT_CONVERSION = YES;
				GCC_WARN_ABOUT_RETURN_TYPE = YES_ERROR;
				GCC_WARN_UNDECLARED_SELECTOR = YES;
				GCC_WARN_UNINITIALIZED_AUTOS = YES_AGGRESSIVE;
				GCC_WARN_UNUSED_FUNCTION = YES;
				GCC_WARN_UNUSED_VARIABLE = YES;
				IPHONEOS_DEPLOYMENT_TARGET = 14.5;
				MTL_ENABLE_DEBUG_INFO = NO;
				MTL_FAST_MATH = YES;
				SDKROOT = iphoneos;
				SWIFT_COMPILATION_MODE = wholemodule;
				SWIFT_OPTIMIZATION_LEVEL = "-O";
				VALIDATE_PRODUCT = YES;
			};
			name = Release;
		};
		982542A326ABEF9E008872F1 /* Debug */ = {
			isa = XCBuildConfiguration;
			buildSettings = {
				ASSETCATALOG_COMPILER_APPICON_NAME = AppIcon;
				ASSETCATALOG_COMPILER_GLOBAL_ACCENT_COLOR_NAME = AccentColor;
				CODE_SIGN_STYLE = Automatic;
				DEVELOPMENT_TEAM = HMMWHN78KV;
				INFOPLIST_FILE = testSpaceGit/Info.plist;
				IPHONEOS_DEPLOYMENT_TARGET = 14.4;
				LD_RUNPATH_SEARCH_PATHS = (
					"$(inherited)",
					"@executable_path/Frameworks",
				);
				PRODUCT_BUNDLE_IDENTIFIER = Kane.testSpaceGit;
				PRODUCT_NAME = "$(TARGET_NAME)";
				SWIFT_VERSION = 5.0;
				TARGETED_DEVICE_FAMILY = "1,2";
			};
			name = Debug;
		};
		982542A426ABEF9E008872F1 /* Release */ = {
			isa = XCBuildConfiguration;
			buildSettings = {
				ASSETCATALOG_COMPILER_APPICON_NAME = AppIcon;
				ASSETCATALOG_COMPILER_GLOBAL_ACCENT_COLOR_NAME = AccentColor;
				CODE_SIGN_STYLE = Automatic;
				DEVELOPMENT_TEAM = HMMWHN78KV;
				INFOPLIST_FILE = testSpaceGit/Info.plist;
				IPHONEOS_DEPLOYMENT_TARGET = 14.4;
				LD_RUNPATH_SEARCH_PATHS = (
					"$(inherited)",
					"@executable_path/Frameworks",
				);
				PRODUCT_BUNDLE_IDENTIFIER = Kane.testSpaceGit;
				PRODUCT_NAME = "$(TARGET_NAME)";
				SWIFT_VERSION = 5.0;
				TARGETED_DEVICE_FAMILY = "1,2";
			};
			name = Release;
		};
/* End XCBuildConfiguration section */

/* Begin XCConfigurationList section */
		9825428926ABEF9D008872F1 /* Build configuration list for PBXProject "testSpaceGit" */ = {
			isa = XCConfigurationList;
			buildConfigurations = (
				982542A026ABEF9E008872F1 /* Debug */,
				982542A126ABEF9E008872F1 /* Release */,
			);
			defaultConfigurationIsVisible = 0;
			defaultConfigurationName = Release;
		};
		982542A226ABEF9E008872F1 /* Build configuration list for PBXNativeTarget "testSpaceGit" */ = {
			isa = XCConfigurationList;
			buildConfigurations = (
				982542A326ABEF9E008872F1 /* Debug */,
				982542A426ABEF9E008872F1 /* Release */,
			);
			defaultConfigurationIsVisible = 0;
			defaultConfigurationName = Release;
		};
/* End XCConfigurationList section */
	};
	rootObject = 9825428626ABEF9D008872F1 /* Project object */;
}
